
Microsoft Visual Studio Solution File, Format Version 12.00
# Visual Studio Version 17
VisualStudioVersion = 17.3.32728.150
MinimumVisualStudioVersion = 10.0.40219.1
Project("{FAE04EC0-301F-11D3-BF4B-00C04F79EFBC}") = "LANMaker", "LANMaker\LANMaker.csproj", "{2712E82A-1623-4154-ABED-6CF8C295D25D}"
EndProject
Global
	GlobalSection(SolutionConfigurationPlatforms) = preSolution
		Debug|Any CPU = Debug|Any CPU
		Release|Any CPU = Release|Any CPU
	EndGlobalSection
	GlobalSection(ProjectConfigurationPlatforms) = postSolution
		{2712E82A-1623-4154-ABED-6CF8C295D25D}.Debug|Any CPU.ActiveCfg = Debug|Any CPU
		{2712E82A-1623-4154-ABED-6CF8C295D25D}.Debug|Any CPU.Build.0 = Debug|Any CPU
		{2712E82A-1623-4154-ABED-6CF8C295D25D}.Release|Any CPU.ActiveCfg = Release|Any CPU
		{2712E82A-1623-4154-ABED-6CF8C295D25D}.Release|Any CPU.Build.0 = Release|Any CPU
	EndGlobalSection
	GlobalSection(SolutionProperties) = preSolution
		HideSolutionNode = FALSE
	EndGlobalSection
	GlobalSection(ExtensibilityGlobals) = postSolution
		SolutionGuid = {F23DD561-ACA7-4B9F-B3AC-2F3B5560F61E}
	EndGlobalSection
EndGlobal
